
Microsoft Visual Studio Solution File, Format Version 12.00
# Visual Studio Version 17
VisualStudioVersion = 17.3.32929.385
MinimumVisualStudioVersion = 10.0.40219.1
Project("{FAE04EC0-301F-11D3-BF4B-00C04F79EFBC}") = "HelloWord", "HelloWord\HelloWord.csproj", "{AD1DBBFE-BEBB-49AE-B1EB-CE762AA329B6}"
EndProject
Global
	GlobalSection(SolutionConfigurationPlatforms) = preSolution
		Debug|Any CPU = Debug|Any CPU
		Release|Any CPU = Release|Any CPU
	EndGlobalSection
	GlobalSection(ProjectConfigurationPlatforms) = postSolution
		{AD1DBBFE-BEBB-49AE-B1EB-CE762AA329B6}.Debug|Any CPU.ActiveCfg = Debug|Any CPU
		{AD1DBBFE-BEBB-49AE-B1EB-CE762AA329B6}.Debug|Any CPU.Build.0 = Debug|Any CPU
		{AD1DBBFE-BEBB-49AE-B1EB-CE762AA329B6}.Release|Any CPU.ActiveCfg = Release|Any CPU
		{AD1DBBFE-BEBB-49AE-B1EB-CE762AA329B6}.Release|Any CPU.Build.0 = Release|Any CPU
	EndGlobalSection
	GlobalSection(SolutionProperties) = preSolution
		HideSolutionNode = FALSE
	EndGlobalSection
	GlobalSection(ExtensibilityGlobals) = postSolution
		SolutionGuid = {63F7410E-3239-4509-B86E-256C553AA5E9}
	EndGlobalSection
EndGlobal
